
Microsoft Visual Studio Solution File, Format Version 12.00
# Visual Studio 15
VisualStudioVersion = 15.0.28010.2050
MinimumVisualStudioVersion = 10.0.40219.1
Project("{2150E333-8FDC-42A3-9474-1A3956D46DE8}") = "src", "src", "{C03B4572-5E44-47EB-A990-F80700DABB2A}"
EndProject
Project("{2150E333-8FDC-42A3-9474-1A3956D46DE8}") = "Presetation", "Presetation", "{0D3F306D-1C8B-47B1-8958-A75CEC30C4A4}"
EndProject
Project("{2150E333-8FDC-42A3-9474-1A3956D46DE8}") = "Application", "Application", "{CFFA4A29-C472-4206-A52B-FC993E2CC6CE}"
EndProject
Project("{2150E333-8FDC-42A3-9474-1A3956D46DE8}") = "Domain", "Domain", "{3F79141A-C50F-41C8-A37E-05D9D4591814}"
EndProject
Project("{2150E333-8FDC-42A3-9474-1A3956D46DE8}") = "Infrastructure", "Infrastructure", "{583A7138-43C9-4318-85C6-7FEB50E98F03}"
EndProject
Project("{FAE04EC0-301F-11D3-BF4B-00C04F79EFBC}") = "Fonour.MVC", "Fonour.MVC\Fonour.MVC.csproj", "{930982AC-6E15-44F7-BDE0-695D0ABD2439}"
EndProject
Project("{FAE04EC0-301F-11D3-BF4B-00C04F79EFBC}") = "Fonour.Application", "Fonour.Application\Fonour.Application.csproj", "{82944CDF-DE44-4149-ADC8-B2EEF0DFE9DB}"
EndProject
Project("{FAE04EC0-301F-11D3-BF4B-00C04F79EFBC}") = "Fonour.Domain", "Fonour.Domain\Fonour.Domain.csproj", "{BE18270D-84AF-4C78-8DE0-E9B6506B0870}"
EndProject
Project("{FAE04EC0-301F-11D3-BF4B-00C04F79EFBC}") = "Fonour.EntityFrameworkCore", "Fonour.EntityFrameworkCore\Fonour.EntityFrameworkCore.csproj", "{13343BBC-2101-469E-9BCE-031F1DEA7BBC}"
EndProject
Project("{FAE04EC0-301F-11D3-BF4B-00C04F79EFBC}") = "Fonour.Utility", "Fonour.Utility\Fonour.Utility.csproj", "{951044BC-9729-4053-B4F4-33ED74D6567E}"
EndProject
Global
	GlobalSection(SolutionConfigurationPlatforms) = preSolution
		Debug|Any CPU = Debug|Any CPU
		Release|Any CPU = Release|Any CPU
	EndGlobalSection
	GlobalSection(ProjectConfigurationPlatforms) = postSolution
		{930982AC-6E15-44F7-BDE0-695D0ABD2439}.Debug|Any CPU.ActiveCfg = Debug|Any CPU
		{930982AC-6E15-44F7-BDE0-695D0ABD2439}.Debug|Any CPU.Build.0 = Debug|Any CPU
		{930982AC-6E15-44F7-BDE0-695D0ABD2439}.Release|Any CPU.ActiveCfg = Release|Any CPU
		{930982AC-6E15-44F7-BDE0-695D0ABD2439}.Release|Any CPU.Build.0 = Release|Any CPU
		{82944CDF-DE44-4149-ADC8-B2EEF0DFE9DB}.Debug|Any CPU.ActiveCfg = Debug|Any CPU
		{82944CDF-DE44-4149-ADC8-B2EEF0DFE9DB}.Debug|Any CPU.Build.0 = Debug|Any CPU
		{82944CDF-DE44-4149-ADC8-B2EEF0DFE9DB}.Release|Any CPU.ActiveCfg = Release|Any CPU
		{82944CDF-DE44-4149-ADC8-B2EEF0DFE9DB}.Release|Any CPU.Build.0 = Release|Any CPU
		{BE18270D-84AF-4C78-8DE0-E9B6506B0870}.Debug|Any CPU.ActiveCfg = Debug|Any CPU
		{BE18270D-84AF-4C78-8DE0-E9B6506B0870}.Debug|Any CPU.Build.0 = Debug|Any CPU
		{BE18270D-84AF-4C78-8DE0-E9B6506B0870}.Release|Any CPU.ActiveCfg = Release|Any CPU
		{BE18270D-84AF-4C78-8DE0-E9B6506B0870}.Release|Any CPU.Build.0 = Release|Any CPU
		{13343BBC-2101-469E-9BCE-031F1DEA7BBC}.Debug|Any CPU.ActiveCfg = Debug|Any CPU
		{13343BBC-2101-469E-9BCE-031F1DEA7BBC}.Debug|Any CPU.Build.0 = Debug|Any CPU
		{13343BBC-2101-469E-9BCE-031F1DEA7BBC}.Release|Any CPU.ActiveCfg = Release|Any CPU
		{13343BBC-2101-469E-9BCE-031F1DEA7BBC}.Release|Any CPU.Build.0 = Release|Any CPU
		{951044BC-9729-4053-B4F4-33ED74D6567E}.Debug|Any CPU.ActiveCfg = Debug|Any CPU
		{951044BC-9729-4053-B4F4-33ED74D6567E}.Debug|Any CPU.Build.0 = Debug|Any CPU
		{951044BC-9729-4053-B4F4-33ED74D6567E}.Release|Any CPU.ActiveCfg = Release|Any CPU
		{951044BC-9729-4053-B4F4-33ED74D6567E}.Release|Any CPU.Build.0 = Release|Any CPU
	EndGlobalSection
	GlobalSection(SolutionProperties) = preSolution
		HideSolutionNode = FALSE
	EndGlobalSection
	GlobalSection(NestedProjects) = preSolution
		{0D3F306D-1C8B-47B1-8958-A75CEC30C4A4} = {C03B4572-5E44-47EB-A990-F80700DABB2A}
		{CFFA4A29-C472-4206-A52B-FC993E2CC6CE} = {C03B4572-5E44-47EB-A990-F80700DABB2A}
		{3F79141A-C50F-41C8-A37E-05D9D4591814} = {C03B4572-5E44-47EB-A990-F80700DABB2A}
		{583A7138-43C9-4318-85C6-7FEB50E98F03} = {C03B4572-5E44-47EB-A990-F80700DABB2A}
		{930982AC-6E15-44F7-BDE0-695D0ABD2439} = {0D3F306D-1C8B-47B1-8958-A75CEC30C4A4}
		{82944CDF-DE44-4149-ADC8-B2EEF0DFE9DB} = {CFFA4A29-C472-4206-A52B-FC993E2CC6CE}
		{BE18270D-84AF-4C78-8DE0-E9B6506B0870} = {3F79141A-C50F-41C8-A37E-05D9D4591814}
		{13343BBC-2101-469E-9BCE-031F1DEA7BBC} = {583A7138-43C9-4318-85C6-7FEB50E98F03}
		{951044BC-9729-4053-B4F4-33ED74D6567E} = {583A7138-43C9-4318-85C6-7FEB50E98F03}
	EndGlobalSection
	GlobalSection(ExtensibilityGlobals) = postSolution
		SolutionGuid = {4FFD02DD-2390-423C-9797-F6F070667F00}
	EndGlobalSection
EndGlobal
